
Microsoft Visual Studio Solution File, Format Version 12.00
Project("{2150E333-8FDC-42A3-9474-1A3956D46DE8}") = "src", "src", "{E2EE438F-3DAB-4370-ABFC-A4C99C3DB747}"
EndProject
Project("{2150E333-8FDC-42A3-9474-1A3956D46DE8}") = "test", "test", "{59441FBA-18D9-4C1B-B870-1D1E102E1AB1}"
EndProject
Project("{2150E333-8FDC-42A3-9474-1A3956D46DE8}") = "Services", "Services", "{A5DBFE70-864F-4328-B46B-B293F225D198}"
EndProject
Project("{FAE04EC0-301F-11D3-BF4B-00C04F79EFBC}") = "Application", "Application\Application.csproj", "{CF380E91-0DD0-4D91-9F60-B4FF675143A8}"
EndProject
Project("{FAE04EC0-301F-11D3-BF4B-00C04F79EFBC}") = "Domain", "Domain\Domain.csproj", "{B0C922F4-20F9-476B-8FBC-A0794E442A3E}"
EndProject
Project("{FAE04EC0-301F-11D3-BF4B-00C04F79EFBC}") = "Infrastructure", "Infrastructure\Infrastructure.csproj", "{C527ED64-3069-40AD-86FB-097AF39CB49F}"
EndProject
Project("{FAE04EC0-301F-11D3-BF4B-00C04F79EFBC}") = "WebApi", "WebApi\WebApi.csproj", "{2FA024C9-BF08-4ADA-8718-41D146EEFE44}"
EndProject
Project("{FAE04EC0-301F-11D3-BF4B-00C04F79EFBC}") = "GooglePlacesService", "GooglePlacesService\GooglePlacesService.csproj", "{9346EF3F-14D1-4316-97EF-53D7AC03E076}"
EndProject
Project("{FAE04EC0-301F-11D3-BF4B-00C04F79EFBC}") = "Presentation", "Presentation\Presentation.csproj", "{B0EFC9ED-1BE6-469F-94A8-B71CEF20F4DA}"
EndProject
Project("{FAE04EC0-301F-11D3-BF4B-00C04F79EFBC}") = "Architecture.Test", "Architecture.Test\Architecture.Test.csproj", "{747CBAFF-778A-4E47-B78B-E7F0F3B12BB6}"
EndProject
Global
	GlobalSection(SolutionConfigurationPlatforms) = preSolution
		Debug|Any CPU = Debug|Any CPU
		Release|Any CPU = Release|Any CPU
	EndGlobalSection
	GlobalSection(ProjectConfigurationPlatforms) = postSolution
		{CF380E91-0DD0-4D91-9F60-B4FF675143A8}.Debug|Any CPU.ActiveCfg = Debug|Any CPU
		{CF380E91-0DD0-4D91-9F60-B4FF675143A8}.Debug|Any CPU.Build.0 = Debug|Any CPU
		{CF380E91-0DD0-4D91-9F60-B4FF675143A8}.Release|Any CPU.ActiveCfg = Release|Any CPU
		{CF380E91-0DD0-4D91-9F60-B4FF675143A8}.Release|Any CPU.Build.0 = Release|Any CPU
		{B0C922F4-20F9-476B-8FBC-A0794E442A3E}.Debug|Any CPU.ActiveCfg = Debug|Any CPU
		{B0C922F4-20F9-476B-8FBC-A0794E442A3E}.Debug|Any CPU.Build.0 = Debug|Any CPU
		{B0C922F4-20F9-476B-8FBC-A0794E442A3E}.Release|Any CPU.ActiveCfg = Release|Any CPU
		{B0C922F4-20F9-476B-8FBC-A0794E442A3E}.Release|Any CPU.Build.0 = Release|Any CPU
		{C527ED64-3069-40AD-86FB-097AF39CB49F}.Debug|Any CPU.ActiveCfg = Debug|Any CPU
		{C527ED64-3069-40AD-86FB-097AF39CB49F}.Debug|Any CPU.Build.0 = Debug|Any CPU
		{C527ED64-3069-40AD-86FB-097AF39CB49F}.Release|Any CPU.ActiveCfg = Release|Any CPU
		{C527ED64-3069-40AD-86FB-097AF39CB49F}.Release|Any CPU.Build.0 = Release|Any CPU
		{2FA024C9-BF08-4ADA-8718-41D146EEFE44}.Debug|Any CPU.ActiveCfg = Debug|Any CPU
		{2FA024C9-BF08-4ADA-8718-41D146EEFE44}.Debug|Any CPU.Build.0 = Debug|Any CPU
		{2FA024C9-BF08-4ADA-8718-41D146EEFE44}.Release|Any CPU.ActiveCfg = Release|Any CPU
		{2FA024C9-BF08-4ADA-8718-41D146EEFE44}.Release|Any CPU.Build.0 = Release|Any CPU
		{9346EF3F-14D1-4316-97EF-53D7AC03E076}.Debug|Any CPU.ActiveCfg = Debug|Any CPU
		{9346EF3F-14D1-4316-97EF-53D7AC03E076}.Debug|Any CPU.Build.0 = Debug|Any CPU
		{9346EF3F-14D1-4316-97EF-53D7AC03E076}.Release|Any CPU.ActiveCfg = Release|Any CPU
		{9346EF3F-14D1-4316-97EF-53D7AC03E076}.Release|Any CPU.Build.0 = Release|Any CPU
		{B0EFC9ED-1BE6-469F-94A8-B71CEF20F4DA}.Debug|Any CPU.ActiveCfg = Debug|Any CPU
		{B0EFC9ED-1BE6-469F-94A8-B71CEF20F4DA}.Debug|Any CPU.Build.0 = Debug|Any CPU
		{B0EFC9ED-1BE6-469F-94A8-B71CEF20F4DA}.Release|Any CPU.ActiveCfg = Release|Any CPU
		{B0EFC9ED-1BE6-469F-94A8-B71CEF20F4DA}.Release|Any CPU.Build.0 = Release|Any CPU
		{747CBAFF-778A-4E47-B78B-E7F0F3B12BB6}.Debug|Any CPU.ActiveCfg = Debug|Any CPU
		{747CBAFF-778A-4E47-B78B-E7F0F3B12BB6}.Debug|Any CPU.Build.0 = Debug|Any CPU
		{747CBAFF-778A-4E47-B78B-E7F0F3B12BB6}.Release|Any CPU.ActiveCfg = Release|Any CPU
		{747CBAFF-778A-4E47-B78B-E7F0F3B12BB6}.Release|Any CPU.Build.0 = Release|Any CPU
	EndGlobalSection
	GlobalSection(NestedProjects) = preSolution
		{A5DBFE70-864F-4328-B46B-B293F225D198} = {E2EE438F-3DAB-4370-ABFC-A4C99C3DB747}
		{CF380E91-0DD0-4D91-9F60-B4FF675143A8} = {E2EE438F-3DAB-4370-ABFC-A4C99C3DB747}
		{B0C922F4-20F9-476B-8FBC-A0794E442A3E} = {E2EE438F-3DAB-4370-ABFC-A4C99C3DB747}
		{C527ED64-3069-40AD-86FB-097AF39CB49F} = {E2EE438F-3DAB-4370-ABFC-A4C99C3DB747}
		{2FA024C9-BF08-4ADA-8718-41D146EEFE44} = {E2EE438F-3DAB-4370-ABFC-A4C99C3DB747}
		{9346EF3F-14D1-4316-97EF-53D7AC03E076} = {A5DBFE70-864F-4328-B46B-B293F225D198}
		{B0EFC9ED-1BE6-469F-94A8-B71CEF20F4DA} = {E2EE438F-3DAB-4370-ABFC-A4C99C3DB747}
		{747CBAFF-778A-4E47-B78B-E7F0F3B12BB6} = {59441FBA-18D9-4C1B-B870-1D1E102E1AB1}
	EndGlobalSection
EndGlobal
